
Microsoft Visual Studio Solution File, Format Version 12.00
# Visual Studio Version 17
VisualStudioVersion = 17.13.35919.96 d17.13
MinimumVisualStudioVersion = 10.0.40219.1
Project("{FAE04EC0-301F-11D3-BF4B-00C04F79EFBC}") = "Laba10.0", "Laba10.0.csproj", "{AC63B3EA-4474-4E6B-A433-F23A75167E5D}"
EndProject
Global
	GlobalSection(SolutionConfigurationPlatforms) = preSolution
		Debug|Any CPU = Debug|Any CPU
		Release|Any CPU = Release|Any CPU
	EndGlobalSection
	GlobalSection(ProjectConfigurationPlatforms) = postSolution
		{AC63B3EA-4474-4E6B-A433-F23A75167E5D}.Debug|Any CPU.ActiveCfg = Debug|Any CPU
		{AC63B3EA-4474-4E6B-A433-F23A75167E5D}.Debug|Any CPU.Build.0 = Debug|Any CPU
		{AC63B3EA-4474-4E6B-A433-F23A75167E5D}.Release|Any CPU.ActiveCfg = Release|Any CPU
		{AC63B3EA-4474-4E6B-A433-F23A75167E5D}.Release|Any CPU.Build.0 = Release|Any CPU
	EndGlobalSection
	GlobalSection(SolutionProperties) = preSolution
		HideSolutionNode = FALSE
	EndGlobalSection
	GlobalSection(ExtensibilityGlobals) = postSolution
		SolutionGuid = {C7ED0907-6A46-4AF8-8EE5-14AC5375EEED}
	EndGlobalSection
EndGlobal
